
Microsoft Visual Studio Solution File, Format Version 12.00
# Visual Studio Version 17
VisualStudioVersion = 17.14.36310.24 d17.14
MinimumVisualStudioVersion = 10.0.40219.1
Project("{FAE04EC0-301F-11D3-BF4B-00C04F79EFBC}") = "SetpTwoApp", "SetpTwoApp\SetpTwoApp.csproj", "{797E6533-D26F-4495-A054-F71508C63CBF}"
EndProject
Global
	GlobalSection(SolutionConfigurationPlatforms) = preSolution
		Debug|Any CPU = Debug|Any CPU
		Release|Any CPU = Release|Any CPU
	EndGlobalSection
	GlobalSection(ProjectConfigurationPlatforms) = postSolution
		{797E6533-D26F-4495-A054-F71508C63CBF}.Debug|Any CPU.ActiveCfg = Debug|Any CPU
		{797E6533-D26F-4495-A054-F71508C63CBF}.Debug|Any CPU.Build.0 = Debug|Any CPU
		{797E6533-D26F-4495-A054-F71508C63CBF}.Release|Any CPU.ActiveCfg = Release|Any CPU
		{797E6533-D26F-4495-A054-F71508C63CBF}.Release|Any CPU.Build.0 = Release|Any CPU
	EndGlobalSection
	GlobalSection(SolutionProperties) = preSolution
		HideSolutionNode = FALSE
	EndGlobalSection
	GlobalSection(ExtensibilityGlobals) = postSolution
		SolutionGuid = {889A17FA-72A3-42FC-B94F-0DAC65B41494}
	EndGlobalSection
EndGlobal
